{
  "lockfileVersion": 1,
  "configVersion": 1,
  "workspaces": {
    "": {
      "name": "tacet-js-crypto-tests",
      "dependencies": {
        "@noble/curves": "^1.7.0",
        "@noble/hashes": "^1.6.1",
        "node-forge": "^1.3.1",
      },
      "devDependencies": {
        "@types/node": "^22.0.0",
        "@types/node-forge": "^1.3.11",
      },
    },
  },
  "packages": {
    "@noble/curves": ["@noble/curves@1.9.7", "", { "dependencies": { "@noble/hashes": "1.8.0" } }, "sha512-gbKGcRUYIjA3/zCCNaWDciTMFI0dCkvou3TL8Zmy5Nc7sJ47a0jtOeZoTaMxkuqRo9cRhjOdZJXegxYE5FN/xw=="],

    "@noble/hashes": ["@noble/hashes@1.8.0", "", {}, "sha512-jCs9ldd7NwzpgXDIf6P3+NrHh9/sD6CQdxHyjQI+h/6rDNo88ypBxxz45UDuZHz9r3tNz7N/VInSVoVdtXEI4A=="],

    "@types/node": ["@types/node@22.19.8", "", { "dependencies": { "undici-types": "~6.21.0" } }, "sha512-ebO/Yl+EAvVe8DnMfi+iaAyIqYdK0q/q0y0rw82INWEKJOBe6b/P3YWE8NW7oOlF/nXFNrHwhARrN/hdgDkraA=="],

    "@types/node-forge": ["@types/node-forge@1.3.14", "", { "dependencies": { "@types/node": "*" } }, "sha512-mhVF2BnD4BO+jtOp7z1CdzaK4mbuK0LLQYAvdOLqHTavxFNq4zA1EmYkpnFjP8HOUzedfQkRnp0E2ulSAYSzAw=="],

    "node-forge": ["node-forge@1.3.3", "", {}, "sha512-rLvcdSyRCyouf6jcOIPe/BgwG/d7hKjzMKOas33/pHEr6gbq18IK9zV7DiPvzsz0oBJPme6qr6H6kGZuI9/DZg=="],

    "undici-types": ["undici-types@6.21.0", "", {}, "sha512-iwDZqg0QAGrg9Rav5H4n0M64c3mkR59cJ6wQp+7C4nI0gsmExaedaYLNO44eT4AtBBwjbTiGPMlt2Md0T9H9JQ=="],
  }
}
